
Microsoft Visual Studio Solution File, Format Version 12.00
# Visual Studio Version 17
VisualStudioVersion = 17.13.35919.96 d17.13
MinimumVisualStudioVersion = 10.0.40219.1
Project("{FAE04EC0-301F-11D3-BF4B-00C04F79EFBC}") = "MinimalAPITest", "MinimalAPITest\MinimalAPITest.csproj", "{CBE14FFF-8711-4F44-96C0-4A8A6719C779}"
EndProject
Global
	GlobalSection(SolutionConfigurationPlatforms) = preSolution
		Debug|Any CPU = Debug|Any CPU
		Release|Any CPU = Release|Any CPU
	EndGlobalSection
	GlobalSection(ProjectConfigurationPlatforms) = postSolution
		{CBE14FFF-8711-4F44-96C0-4A8A6719C779}.Debug|Any CPU.ActiveCfg = Debug|Any CPU
		{CBE14FFF-8711-4F44-96C0-4A8A6719C779}.Debug|Any CPU.Build.0 = Debug|Any CPU
		{CBE14FFF-8711-4F44-96C0-4A8A6719C779}.Release|Any CPU.ActiveCfg = Release|Any CPU
		{CBE14FFF-8711-4F44-96C0-4A8A6719C779}.Release|Any CPU.Build.0 = Release|Any CPU
	EndGlobalSection
	GlobalSection(SolutionProperties) = preSolution
		HideSolutionNode = FALSE
	EndGlobalSection
	GlobalSection(ExtensibilityGlobals) = postSolution
		SolutionGuid = {33DF851E-ECE8-47DB-927F-860815BC60C1}
	EndGlobalSection
EndGlobal
